
Microsoft Visual Studio Solution File, Format Version 12.00
# Visual Studio Version 17
VisualStudioVersion = 17.0.32014.148
MinimumVisualStudioVersion = 10.0.40219.1
Project("{8BC9CEB8-8B4A-11D0-8D11-00A0C91BC942}") = "(5.2.13)mediano", "(5.2.13)mediano.vcxproj", "{AB54B21E-B352-440E-AD4D-75361F044D63}"
EndProject
Global
	GlobalSection(SolutionConfigurationPlatforms) = preSolution
		Debug|x64 = Debug|x64
		Debug|x86 = Debug|x86
		Release|x64 = Release|x64
		Release|x86 = Release|x86
	EndGlobalSection
	GlobalSection(ProjectConfigurationPlatforms) = postSolution
		{AB54B21E-B352-440E-AD4D-75361F044D63}.Debug|x64.ActiveCfg = Debug|x64
		{AB54B21E-B352-440E-AD4D-75361F044D63}.Debug|x64.Build.0 = Debug|x64
		{AB54B21E-B352-440E-AD4D-75361F044D63}.Debug|x86.ActiveCfg = Debug|Win32
		{AB54B21E-B352-440E-AD4D-75361F044D63}.Debug|x86.Build.0 = Debug|Win32
		{AB54B21E-B352-440E-AD4D-75361F044D63}.Release|x64.ActiveCfg = Release|x64
		{AB54B21E-B352-440E-AD4D-75361F044D63}.Release|x64.Build.0 = Release|x64
		{AB54B21E-B352-440E-AD4D-75361F044D63}.Release|x86.ActiveCfg = Release|Win32
		{AB54B21E-B352-440E-AD4D-75361F044D63}.Release|x86.Build.0 = Release|Win32
	EndGlobalSection
	GlobalSection(SolutionProperties) = preSolution
		HideSolutionNode = FALSE
	EndGlobalSection
	GlobalSection(ExtensibilityGlobals) = postSolution
		SolutionGuid = {F5782CE2-3E8D-4EB0-B5A7-55FE0D4B8545}
	EndGlobalSection
EndGlobal
