
Microsoft Visual Studio Solution File, Format Version 12.00
# Visual Studio Version 17
VisualStudioVersion = 17.0.32014.148
MinimumVisualStudioVersion = 10.0.40219.1
Project("{8BC9CEB8-8B4A-11D0-8D11-00A0C91BC942}") = "esercizio5(riprovato)", "esercizio5(riprovato).vcxproj", "{4340BFF7-D272-4820-8CF7-E24988E5AFA5}"
EndProject
Global
	GlobalSection(SolutionConfigurationPlatforms) = preSolution
		Debug|x64 = Debug|x64
		Debug|x86 = Debug|x86
		Release|x64 = Release|x64
		Release|x86 = Release|x86
	EndGlobalSection
	GlobalSection(ProjectConfigurationPlatforms) = postSolution
		{4340BFF7-D272-4820-8CF7-E24988E5AFA5}.Debug|x64.ActiveCfg = Debug|x64
		{4340BFF7-D272-4820-8CF7-E24988E5AFA5}.Debug|x64.Build.0 = Debug|x64
		{4340BFF7-D272-4820-8CF7-E24988E5AFA5}.Debug|x86.ActiveCfg = Debug|Win32
		{4340BFF7-D272-4820-8CF7-E24988E5AFA5}.Debug|x86.Build.0 = Debug|Win32
		{4340BFF7-D272-4820-8CF7-E24988E5AFA5}.Release|x64.ActiveCfg = Release|x64
		{4340BFF7-D272-4820-8CF7-E24988E5AFA5}.Release|x64.Build.0 = Release|x64
		{4340BFF7-D272-4820-8CF7-E24988E5AFA5}.Release|x86.ActiveCfg = Release|Win32
		{4340BFF7-D272-4820-8CF7-E24988E5AFA5}.Release|x86.Build.0 = Release|Win32
	EndGlobalSection
	GlobalSection(SolutionProperties) = preSolution
		HideSolutionNode = FALSE
	EndGlobalSection
	GlobalSection(ExtensibilityGlobals) = postSolution
		SolutionGuid = {9AE84DFC-C949-4E56-9780-FF5CF1581484}
	EndGlobalSection
EndGlobal
