
Microsoft Visual Studio Solution File, Format Version 12.00
# Visual Studio Version 17
VisualStudioVersion = 17.0.32014.148
MinimumVisualStudioVersion = 10.0.40219.1
Project("{8BC9CEB8-8B4A-11D0-8D11-00A0C91BC942}") = "esercizio2", "esercizio2.vcxproj", "{CB31A4F1-E175-46F7-87E1-379F55D8E560}"
EndProject
Global
	GlobalSection(SolutionConfigurationPlatforms) = preSolution
		Debug|x64 = Debug|x64
		Debug|x86 = Debug|x86
		Release|x64 = Release|x64
		Release|x86 = Release|x86
	EndGlobalSection
	GlobalSection(ProjectConfigurationPlatforms) = postSolution
		{CB31A4F1-E175-46F7-87E1-379F55D8E560}.Debug|x64.ActiveCfg = Debug|x64
		{CB31A4F1-E175-46F7-87E1-379F55D8E560}.Debug|x64.Build.0 = Debug|x64
		{CB31A4F1-E175-46F7-87E1-379F55D8E560}.Debug|x86.ActiveCfg = Debug|Win32
		{CB31A4F1-E175-46F7-87E1-379F55D8E560}.Debug|x86.Build.0 = Debug|Win32
		{CB31A4F1-E175-46F7-87E1-379F55D8E560}.Release|x64.ActiveCfg = Release|x64
		{CB31A4F1-E175-46F7-87E1-379F55D8E560}.Release|x64.Build.0 = Release|x64
		{CB31A4F1-E175-46F7-87E1-379F55D8E560}.Release|x86.ActiveCfg = Release|Win32
		{CB31A4F1-E175-46F7-87E1-379F55D8E560}.Release|x86.Build.0 = Release|Win32
	EndGlobalSection
	GlobalSection(SolutionProperties) = preSolution
		HideSolutionNode = FALSE
	EndGlobalSection
	GlobalSection(ExtensibilityGlobals) = postSolution
		SolutionGuid = {817C42F2-F85E-4DDB-AF4F-231C1216780F}
	EndGlobalSection
EndGlobal
