
Microsoft Visual Studio Solution File, Format Version 12.00
# Visual Studio Version 17
VisualStudioVersion = 17.0.32014.148
MinimumVisualStudioVersion = 10.0.40219.1
Project("{8BC9CEB8-8B4A-11D0-8D11-00A0C91BC942}") = "esercizio2", "esercizio2.vcxproj", "{F0EC522C-8EE5-4B91-8E83-596B289E7EBB}"
EndProject
Global
	GlobalSection(SolutionConfigurationPlatforms) = preSolution
		Debug|x64 = Debug|x64
		Debug|x86 = Debug|x86
		Release|x64 = Release|x64
		Release|x86 = Release|x86
	EndGlobalSection
	GlobalSection(ProjectConfigurationPlatforms) = postSolution
		{F0EC522C-8EE5-4B91-8E83-596B289E7EBB}.Debug|x64.ActiveCfg = Debug|x64
		{F0EC522C-8EE5-4B91-8E83-596B289E7EBB}.Debug|x64.Build.0 = Debug|x64
		{F0EC522C-8EE5-4B91-8E83-596B289E7EBB}.Debug|x86.ActiveCfg = Debug|Win32
		{F0EC522C-8EE5-4B91-8E83-596B289E7EBB}.Debug|x86.Build.0 = Debug|Win32
		{F0EC522C-8EE5-4B91-8E83-596B289E7EBB}.Release|x64.ActiveCfg = Release|x64
		{F0EC522C-8EE5-4B91-8E83-596B289E7EBB}.Release|x64.Build.0 = Release|x64
		{F0EC522C-8EE5-4B91-8E83-596B289E7EBB}.Release|x86.ActiveCfg = Release|Win32
		{F0EC522C-8EE5-4B91-8E83-596B289E7EBB}.Release|x86.Build.0 = Release|Win32
	EndGlobalSection
	GlobalSection(SolutionProperties) = preSolution
		HideSolutionNode = FALSE
	EndGlobalSection
	GlobalSection(ExtensibilityGlobals) = postSolution
		SolutionGuid = {5B0A7A91-A550-4DE9-A0E5-97959F09C420}
	EndGlobalSection
EndGlobal
