
Microsoft Visual Studio Solution File, Format Version 12.00
# Visual Studio Version 17
VisualStudioVersion = 17.0.32014.148
MinimumVisualStudioVersion = 10.0.40219.1
Project("{8BC9CEB8-8B4A-11D0-8D11-00A0C91BC942}") = "(3.2.13)robot_grid", "(3.2.13)robot_grid.vcxproj", "{2B0D3231-9A9A-4F6E-94C8-13859ED58DEB}"
EndProject
Global
	GlobalSection(SolutionConfigurationPlatforms) = preSolution
		Debug|x64 = Debug|x64
		Debug|x86 = Debug|x86
		Release|x64 = Release|x64
		Release|x86 = Release|x86
	EndGlobalSection
	GlobalSection(ProjectConfigurationPlatforms) = postSolution
		{2B0D3231-9A9A-4F6E-94C8-13859ED58DEB}.Debug|x64.ActiveCfg = Debug|x64
		{2B0D3231-9A9A-4F6E-94C8-13859ED58DEB}.Debug|x64.Build.0 = Debug|x64
		{2B0D3231-9A9A-4F6E-94C8-13859ED58DEB}.Debug|x86.ActiveCfg = Debug|Win32
		{2B0D3231-9A9A-4F6E-94C8-13859ED58DEB}.Debug|x86.Build.0 = Debug|Win32
		{2B0D3231-9A9A-4F6E-94C8-13859ED58DEB}.Release|x64.ActiveCfg = Release|x64
		{2B0D3231-9A9A-4F6E-94C8-13859ED58DEB}.Release|x64.Build.0 = Release|x64
		{2B0D3231-9A9A-4F6E-94C8-13859ED58DEB}.Release|x86.ActiveCfg = Release|Win32
		{2B0D3231-9A9A-4F6E-94C8-13859ED58DEB}.Release|x86.Build.0 = Release|Win32
	EndGlobalSection
	GlobalSection(SolutionProperties) = preSolution
		HideSolutionNode = FALSE
	EndGlobalSection
	GlobalSection(ExtensibilityGlobals) = postSolution
		SolutionGuid = {A8D6F5CC-A46E-4415-B378-A043F51E4EF3}
	EndGlobalSection
EndGlobal
