
Microsoft Visual Studio Solution File, Format Version 12.00
# Visual Studio Version 17
VisualStudioVersion = 17.0.32014.148
MinimumVisualStudioVersion = 10.0.40219.1
Project("{8BC9CEB8-8B4A-11D0-8D11-00A0C91BC942}") = "esercizio5", "esercizio5.vcxproj", "{F2DA8C1D-E265-4E27-BA27-AE398529B0EC}"
EndProject
Global
	GlobalSection(SolutionConfigurationPlatforms) = preSolution
		Debug|x64 = Debug|x64
		Debug|x86 = Debug|x86
		Release|x64 = Release|x64
		Release|x86 = Release|x86
	EndGlobalSection
	GlobalSection(ProjectConfigurationPlatforms) = postSolution
		{F2DA8C1D-E265-4E27-BA27-AE398529B0EC}.Debug|x64.ActiveCfg = Debug|x64
		{F2DA8C1D-E265-4E27-BA27-AE398529B0EC}.Debug|x64.Build.0 = Debug|x64
		{F2DA8C1D-E265-4E27-BA27-AE398529B0EC}.Debug|x86.ActiveCfg = Debug|Win32
		{F2DA8C1D-E265-4E27-BA27-AE398529B0EC}.Debug|x86.Build.0 = Debug|Win32
		{F2DA8C1D-E265-4E27-BA27-AE398529B0EC}.Release|x64.ActiveCfg = Release|x64
		{F2DA8C1D-E265-4E27-BA27-AE398529B0EC}.Release|x64.Build.0 = Release|x64
		{F2DA8C1D-E265-4E27-BA27-AE398529B0EC}.Release|x86.ActiveCfg = Release|Win32
		{F2DA8C1D-E265-4E27-BA27-AE398529B0EC}.Release|x86.Build.0 = Release|Win32
	EndGlobalSection
	GlobalSection(SolutionProperties) = preSolution
		HideSolutionNode = FALSE
	EndGlobalSection
	GlobalSection(ExtensibilityGlobals) = postSolution
		SolutionGuid = {78B61BB3-B12B-49C2-9E08-E9AA00E95B40}
	EndGlobalSection
EndGlobal
