
Microsoft Visual Studio Solution File, Format Version 12.00
# Visual Studio Version 17
VisualStudioVersion = 17.0.32014.148
MinimumVisualStudioVersion = 10.0.40219.1
Project("{8BC9CEB8-8B4A-11D0-8D11-00A0C91BC942}") = "esercizio1", "esercizio1.vcxproj", "{00051193-FE82-49C2-9060-DF8B6DA2051C}"
EndProject
Global
	GlobalSection(SolutionConfigurationPlatforms) = preSolution
		Debug|x64 = Debug|x64
		Debug|x86 = Debug|x86
		Release|x64 = Release|x64
		Release|x86 = Release|x86
	EndGlobalSection
	GlobalSection(ProjectConfigurationPlatforms) = postSolution
		{00051193-FE82-49C2-9060-DF8B6DA2051C}.Debug|x64.ActiveCfg = Debug|x64
		{00051193-FE82-49C2-9060-DF8B6DA2051C}.Debug|x64.Build.0 = Debug|x64
		{00051193-FE82-49C2-9060-DF8B6DA2051C}.Debug|x86.ActiveCfg = Debug|Win32
		{00051193-FE82-49C2-9060-DF8B6DA2051C}.Debug|x86.Build.0 = Debug|Win32
		{00051193-FE82-49C2-9060-DF8B6DA2051C}.Release|x64.ActiveCfg = Release|x64
		{00051193-FE82-49C2-9060-DF8B6DA2051C}.Release|x64.Build.0 = Release|x64
		{00051193-FE82-49C2-9060-DF8B6DA2051C}.Release|x86.ActiveCfg = Release|Win32
		{00051193-FE82-49C2-9060-DF8B6DA2051C}.Release|x86.Build.0 = Release|Win32
	EndGlobalSection
	GlobalSection(SolutionProperties) = preSolution
		HideSolutionNode = FALSE
	EndGlobalSection
	GlobalSection(ExtensibilityGlobals) = postSolution
		SolutionGuid = {33828A64-EBB2-4B8A-ACF4-09DF6F9198D8}
	EndGlobalSection
EndGlobal
