
Microsoft Visual Studio Solution File, Format Version 12.00
# Visual Studio Version 17
VisualStudioVersion = 17.0.32014.148
MinimumVisualStudioVersion = 10.0.40219.1
Project("{8BC9CEB8-8B4A-11D0-8D11-00A0C91BC942}") = "esercizio3", "esercizio3.vcxproj", "{CB8479E5-2D4B-4E75-9F4E-1C4AECD42BF8}"
EndProject
Global
	GlobalSection(SolutionConfigurationPlatforms) = preSolution
		Debug|x64 = Debug|x64
		Debug|x86 = Debug|x86
		Release|x64 = Release|x64
		Release|x86 = Release|x86
	EndGlobalSection
	GlobalSection(ProjectConfigurationPlatforms) = postSolution
		{CB8479E5-2D4B-4E75-9F4E-1C4AECD42BF8}.Debug|x64.ActiveCfg = Debug|x64
		{CB8479E5-2D4B-4E75-9F4E-1C4AECD42BF8}.Debug|x64.Build.0 = Debug|x64
		{CB8479E5-2D4B-4E75-9F4E-1C4AECD42BF8}.Debug|x86.ActiveCfg = Debug|Win32
		{CB8479E5-2D4B-4E75-9F4E-1C4AECD42BF8}.Debug|x86.Build.0 = Debug|Win32
		{CB8479E5-2D4B-4E75-9F4E-1C4AECD42BF8}.Release|x64.ActiveCfg = Release|x64
		{CB8479E5-2D4B-4E75-9F4E-1C4AECD42BF8}.Release|x64.Build.0 = Release|x64
		{CB8479E5-2D4B-4E75-9F4E-1C4AECD42BF8}.Release|x86.ActiveCfg = Release|Win32
		{CB8479E5-2D4B-4E75-9F4E-1C4AECD42BF8}.Release|x86.Build.0 = Release|Win32
	EndGlobalSection
	GlobalSection(SolutionProperties) = preSolution
		HideSolutionNode = FALSE
	EndGlobalSection
	GlobalSection(ExtensibilityGlobals) = postSolution
		SolutionGuid = {84D9BFB5-06DA-4936-A720-B976FF9C6648}
	EndGlobalSection
EndGlobal
