
Microsoft Visual Studio Solution File, Format Version 12.00
# Visual Studio Version 17
VisualStudioVersion = 17.0.32014.148
MinimumVisualStudioVersion = 10.0.40219.1
Project("{8BC9CEB8-8B4A-11D0-8D11-00A0C91BC942}") = "(2.2.5)newton", "(2.2.5)newton.vcxproj", "{0CF0233C-4D64-4CDF-BC78-CD728203AB95}"
EndProject
Global
	GlobalSection(SolutionConfigurationPlatforms) = preSolution
		Debug|x64 = Debug|x64
		Debug|x86 = Debug|x86
		Release|x64 = Release|x64
		Release|x86 = Release|x86
	EndGlobalSection
	GlobalSection(ProjectConfigurationPlatforms) = postSolution
		{0CF0233C-4D64-4CDF-BC78-CD728203AB95}.Debug|x64.ActiveCfg = Debug|x64
		{0CF0233C-4D64-4CDF-BC78-CD728203AB95}.Debug|x64.Build.0 = Debug|x64
		{0CF0233C-4D64-4CDF-BC78-CD728203AB95}.Debug|x86.ActiveCfg = Debug|Win32
		{0CF0233C-4D64-4CDF-BC78-CD728203AB95}.Debug|x86.Build.0 = Debug|Win32
		{0CF0233C-4D64-4CDF-BC78-CD728203AB95}.Release|x64.ActiveCfg = Release|x64
		{0CF0233C-4D64-4CDF-BC78-CD728203AB95}.Release|x64.Build.0 = Release|x64
		{0CF0233C-4D64-4CDF-BC78-CD728203AB95}.Release|x86.ActiveCfg = Release|Win32
		{0CF0233C-4D64-4CDF-BC78-CD728203AB95}.Release|x86.Build.0 = Release|Win32
	EndGlobalSection
	GlobalSection(SolutionProperties) = preSolution
		HideSolutionNode = FALSE
	EndGlobalSection
	GlobalSection(ExtensibilityGlobals) = postSolution
		SolutionGuid = {6FE203CA-AA89-4589-A16F-930463ABEBA6}
	EndGlobalSection
EndGlobal
