
Microsoft Visual Studio Solution File, Format Version 12.00
# Visual Studio Version 17
VisualStudioVersion = 17.0.32014.148
MinimumVisualStudioVersion = 10.0.40219.1
Project("{8BC9CEB8-8B4A-11D0-8D11-00A0C91BC942}") = "esercizio2(riprovato)", "esercizio2(riprovato).vcxproj", "{39EF8DB4-6B92-46BC-BF51-E3E6C2443F9E}"
EndProject
Global
	GlobalSection(SolutionConfigurationPlatforms) = preSolution
		Debug|x64 = Debug|x64
		Debug|x86 = Debug|x86
		Release|x64 = Release|x64
		Release|x86 = Release|x86
	EndGlobalSection
	GlobalSection(ProjectConfigurationPlatforms) = postSolution
		{39EF8DB4-6B92-46BC-BF51-E3E6C2443F9E}.Debug|x64.ActiveCfg = Debug|x64
		{39EF8DB4-6B92-46BC-BF51-E3E6C2443F9E}.Debug|x64.Build.0 = Debug|x64
		{39EF8DB4-6B92-46BC-BF51-E3E6C2443F9E}.Debug|x86.ActiveCfg = Debug|Win32
		{39EF8DB4-6B92-46BC-BF51-E3E6C2443F9E}.Debug|x86.Build.0 = Debug|Win32
		{39EF8DB4-6B92-46BC-BF51-E3E6C2443F9E}.Release|x64.ActiveCfg = Release|x64
		{39EF8DB4-6B92-46BC-BF51-E3E6C2443F9E}.Release|x64.Build.0 = Release|x64
		{39EF8DB4-6B92-46BC-BF51-E3E6C2443F9E}.Release|x86.ActiveCfg = Release|Win32
		{39EF8DB4-6B92-46BC-BF51-E3E6C2443F9E}.Release|x86.Build.0 = Release|Win32
	EndGlobalSection
	GlobalSection(SolutionProperties) = preSolution
		HideSolutionNode = FALSE
	EndGlobalSection
	GlobalSection(ExtensibilityGlobals) = postSolution
		SolutionGuid = {24B6C1E6-78DD-4647-9A96-67CE174FA843}
	EndGlobalSection
EndGlobal
