
Microsoft Visual Studio Solution File, Format Version 12.00
# Visual Studio Version 17
VisualStudioVersion = 17.0.32014.148
MinimumVisualStudioVersion = 10.0.40219.1
Project("{8BC9CEB8-8B4A-11D0-8D11-00A0C91BC942}") = "domino(riprovato)", "domino(riprovato).vcxproj", "{648ACE9B-12B7-47CD-9B5F-33CCC92EF7A2}"
EndProject
Global
	GlobalSection(SolutionConfigurationPlatforms) = preSolution
		Debug|x64 = Debug|x64
		Debug|x86 = Debug|x86
		Release|x64 = Release|x64
		Release|x86 = Release|x86
	EndGlobalSection
	GlobalSection(ProjectConfigurationPlatforms) = postSolution
		{648ACE9B-12B7-47CD-9B5F-33CCC92EF7A2}.Debug|x64.ActiveCfg = Debug|x64
		{648ACE9B-12B7-47CD-9B5F-33CCC92EF7A2}.Debug|x64.Build.0 = Debug|x64
		{648ACE9B-12B7-47CD-9B5F-33CCC92EF7A2}.Debug|x86.ActiveCfg = Debug|Win32
		{648ACE9B-12B7-47CD-9B5F-33CCC92EF7A2}.Debug|x86.Build.0 = Debug|Win32
		{648ACE9B-12B7-47CD-9B5F-33CCC92EF7A2}.Release|x64.ActiveCfg = Release|x64
		{648ACE9B-12B7-47CD-9B5F-33CCC92EF7A2}.Release|x64.Build.0 = Release|x64
		{648ACE9B-12B7-47CD-9B5F-33CCC92EF7A2}.Release|x86.ActiveCfg = Release|Win32
		{648ACE9B-12B7-47CD-9B5F-33CCC92EF7A2}.Release|x86.Build.0 = Release|Win32
	EndGlobalSection
	GlobalSection(SolutionProperties) = preSolution
		HideSolutionNode = FALSE
	EndGlobalSection
	GlobalSection(ExtensibilityGlobals) = postSolution
		SolutionGuid = {90BF4341-0865-4D37-A8EE-3C3AAB385E7C}
	EndGlobalSection
EndGlobal
