
Microsoft Visual Studio Solution File, Format Version 12.00
# Visual Studio Version 17
VisualStudioVersion = 17.0.32014.148
MinimumVisualStudioVersion = 10.0.40219.1
Project("{8BC9CEB8-8B4A-11D0-8D11-00A0C91BC942}") = "esercizio5(riprovato)", "esercizio5(riprovato).vcxproj", "{824FD0D6-0FE6-4A94-B7C3-F3B6523B7B4A}"
EndProject
Global
	GlobalSection(SolutionConfigurationPlatforms) = preSolution
		Debug|x64 = Debug|x64
		Debug|x86 = Debug|x86
		Release|x64 = Release|x64
		Release|x86 = Release|x86
	EndGlobalSection
	GlobalSection(ProjectConfigurationPlatforms) = postSolution
		{824FD0D6-0FE6-4A94-B7C3-F3B6523B7B4A}.Debug|x64.ActiveCfg = Debug|x64
		{824FD0D6-0FE6-4A94-B7C3-F3B6523B7B4A}.Debug|x64.Build.0 = Debug|x64
		{824FD0D6-0FE6-4A94-B7C3-F3B6523B7B4A}.Debug|x86.ActiveCfg = Debug|Win32
		{824FD0D6-0FE6-4A94-B7C3-F3B6523B7B4A}.Debug|x86.Build.0 = Debug|Win32
		{824FD0D6-0FE6-4A94-B7C3-F3B6523B7B4A}.Release|x64.ActiveCfg = Release|x64
		{824FD0D6-0FE6-4A94-B7C3-F3B6523B7B4A}.Release|x64.Build.0 = Release|x64
		{824FD0D6-0FE6-4A94-B7C3-F3B6523B7B4A}.Release|x86.ActiveCfg = Release|Win32
		{824FD0D6-0FE6-4A94-B7C3-F3B6523B7B4A}.Release|x86.Build.0 = Release|Win32
	EndGlobalSection
	GlobalSection(SolutionProperties) = preSolution
		HideSolutionNode = FALSE
	EndGlobalSection
	GlobalSection(ExtensibilityGlobals) = postSolution
		SolutionGuid = {48DC8BF2-B71D-4B8F-B30C-F30F9C5FB5A7}
	EndGlobalSection
EndGlobal
