
Microsoft Visual Studio Solution File, Format Version 12.00
# Visual Studio Version 17
VisualStudioVersion = 17.0.32014.148
MinimumVisualStudioVersion = 10.0.40219.1
Project("{8BC9CEB8-8B4A-11D0-8D11-00A0C91BC942}") = "esercizio4", "esercizio4.vcxproj", "{817D1928-373B-498C-9F2C-1FCE3933EE91}"
EndProject
Global
	GlobalSection(SolutionConfigurationPlatforms) = preSolution
		Debug|x64 = Debug|x64
		Debug|x86 = Debug|x86
		Release|x64 = Release|x64
		Release|x86 = Release|x86
	EndGlobalSection
	GlobalSection(ProjectConfigurationPlatforms) = postSolution
		{817D1928-373B-498C-9F2C-1FCE3933EE91}.Debug|x64.ActiveCfg = Debug|x64
		{817D1928-373B-498C-9F2C-1FCE3933EE91}.Debug|x64.Build.0 = Debug|x64
		{817D1928-373B-498C-9F2C-1FCE3933EE91}.Debug|x86.ActiveCfg = Debug|Win32
		{817D1928-373B-498C-9F2C-1FCE3933EE91}.Debug|x86.Build.0 = Debug|Win32
		{817D1928-373B-498C-9F2C-1FCE3933EE91}.Release|x64.ActiveCfg = Release|x64
		{817D1928-373B-498C-9F2C-1FCE3933EE91}.Release|x64.Build.0 = Release|x64
		{817D1928-373B-498C-9F2C-1FCE3933EE91}.Release|x86.ActiveCfg = Release|Win32
		{817D1928-373B-498C-9F2C-1FCE3933EE91}.Release|x86.Build.0 = Release|Win32
	EndGlobalSection
	GlobalSection(SolutionProperties) = preSolution
		HideSolutionNode = FALSE
	EndGlobalSection
	GlobalSection(ExtensibilityGlobals) = postSolution
		SolutionGuid = {061472CC-8D15-4F38-BFB3-F6D43CFBC691}
	EndGlobalSection
EndGlobal
