
Microsoft Visual Studio Solution File, Format Version 12.00
# Visual Studio Version 17
VisualStudioVersion = 17.0.32014.148
MinimumVisualStudioVersion = 10.0.40219.1
Project("{8BC9CEB8-8B4A-11D0-8D11-00A0C91BC942}") = "esercizio1", "esercizio1.vcxproj", "{B8C9B2D8-D40A-43F2-BAD0-8BDC3210B038}"
EndProject
Global
	GlobalSection(SolutionConfigurationPlatforms) = preSolution
		Debug|x64 = Debug|x64
		Debug|x86 = Debug|x86
		Release|x64 = Release|x64
		Release|x86 = Release|x86
	EndGlobalSection
	GlobalSection(ProjectConfigurationPlatforms) = postSolution
		{B8C9B2D8-D40A-43F2-BAD0-8BDC3210B038}.Debug|x64.ActiveCfg = Debug|x64
		{B8C9B2D8-D40A-43F2-BAD0-8BDC3210B038}.Debug|x64.Build.0 = Debug|x64
		{B8C9B2D8-D40A-43F2-BAD0-8BDC3210B038}.Debug|x86.ActiveCfg = Debug|Win32
		{B8C9B2D8-D40A-43F2-BAD0-8BDC3210B038}.Debug|x86.Build.0 = Debug|Win32
		{B8C9B2D8-D40A-43F2-BAD0-8BDC3210B038}.Release|x64.ActiveCfg = Release|x64
		{B8C9B2D8-D40A-43F2-BAD0-8BDC3210B038}.Release|x64.Build.0 = Release|x64
		{B8C9B2D8-D40A-43F2-BAD0-8BDC3210B038}.Release|x86.ActiveCfg = Release|Win32
		{B8C9B2D8-D40A-43F2-BAD0-8BDC3210B038}.Release|x86.Build.0 = Release|Win32
	EndGlobalSection
	GlobalSection(SolutionProperties) = preSolution
		HideSolutionNode = FALSE
	EndGlobalSection
	GlobalSection(ExtensibilityGlobals) = postSolution
		SolutionGuid = {03155304-484B-4349-B8B4-247CB940C0BC}
	EndGlobalSection
EndGlobal
