
Microsoft Visual Studio Solution File, Format Version 12.00
# Visual Studio Version 17
VisualStudioVersion = 17.0.32014.148
MinimumVisualStudioVersion = 10.0.40219.1
Project("{8BC9CEB8-8B4A-11D0-8D11-00A0C91BC942}") = "(3.2.12)alpine_road", "(3.2.12)alpine_road.vcxproj", "{92136433-DBB8-4E65-A7AA-11AEAD8BE789}"
EndProject
Global
	GlobalSection(SolutionConfigurationPlatforms) = preSolution
		Debug|x64 = Debug|x64
		Debug|x86 = Debug|x86
		Release|x64 = Release|x64
		Release|x86 = Release|x86
	EndGlobalSection
	GlobalSection(ProjectConfigurationPlatforms) = postSolution
		{92136433-DBB8-4E65-A7AA-11AEAD8BE789}.Debug|x64.ActiveCfg = Debug|x64
		{92136433-DBB8-4E65-A7AA-11AEAD8BE789}.Debug|x64.Build.0 = Debug|x64
		{92136433-DBB8-4E65-A7AA-11AEAD8BE789}.Debug|x86.ActiveCfg = Debug|Win32
		{92136433-DBB8-4E65-A7AA-11AEAD8BE789}.Debug|x86.Build.0 = Debug|Win32
		{92136433-DBB8-4E65-A7AA-11AEAD8BE789}.Release|x64.ActiveCfg = Release|x64
		{92136433-DBB8-4E65-A7AA-11AEAD8BE789}.Release|x64.Build.0 = Release|x64
		{92136433-DBB8-4E65-A7AA-11AEAD8BE789}.Release|x86.ActiveCfg = Release|Win32
		{92136433-DBB8-4E65-A7AA-11AEAD8BE789}.Release|x86.Build.0 = Release|Win32
	EndGlobalSection
	GlobalSection(SolutionProperties) = preSolution
		HideSolutionNode = FALSE
	EndGlobalSection
	GlobalSection(ExtensibilityGlobals) = postSolution
		SolutionGuid = {E7FBB4E8-953C-44D9-BEA8-6F839C424508}
	EndGlobalSection
EndGlobal
