
Microsoft Visual Studio Solution File, Format Version 12.00
# Visual Studio Version 17
VisualStudioVersion = 17.0.32014.148
MinimumVisualStudioVersion = 10.0.40219.1
Project("{8BC9CEB8-8B4A-11D0-8D11-00A0C91BC942}") = "esercizio1", "esercizio1.vcxproj", "{F0502053-3CB5-4E36-B4D1-6E8D0E661B88}"
EndProject
Global
	GlobalSection(SolutionConfigurationPlatforms) = preSolution
		Debug|x64 = Debug|x64
		Debug|x86 = Debug|x86
		Release|x64 = Release|x64
		Release|x86 = Release|x86
	EndGlobalSection
	GlobalSection(ProjectConfigurationPlatforms) = postSolution
		{F0502053-3CB5-4E36-B4D1-6E8D0E661B88}.Debug|x64.ActiveCfg = Debug|x64
		{F0502053-3CB5-4E36-B4D1-6E8D0E661B88}.Debug|x64.Build.0 = Debug|x64
		{F0502053-3CB5-4E36-B4D1-6E8D0E661B88}.Debug|x86.ActiveCfg = Debug|Win32
		{F0502053-3CB5-4E36-B4D1-6E8D0E661B88}.Debug|x86.Build.0 = Debug|Win32
		{F0502053-3CB5-4E36-B4D1-6E8D0E661B88}.Release|x64.ActiveCfg = Release|x64
		{F0502053-3CB5-4E36-B4D1-6E8D0E661B88}.Release|x64.Build.0 = Release|x64
		{F0502053-3CB5-4E36-B4D1-6E8D0E661B88}.Release|x86.ActiveCfg = Release|Win32
		{F0502053-3CB5-4E36-B4D1-6E8D0E661B88}.Release|x86.Build.0 = Release|Win32
	EndGlobalSection
	GlobalSection(SolutionProperties) = preSolution
		HideSolutionNode = FALSE
	EndGlobalSection
	GlobalSection(ExtensibilityGlobals) = postSolution
		SolutionGuid = {54D91FAF-8086-465B-844A-CDEAD2E35DEF}
	EndGlobalSection
EndGlobal
