
Microsoft Visual Studio Solution File, Format Version 12.00
# Visual Studio Version 17
VisualStudioVersion = 17.0.32014.148
MinimumVisualStudioVersion = 10.0.40219.1
Project("{8BC9CEB8-8B4A-11D0-8D11-00A0C91BC942}") = "(2.2.4)sinx2", "(2.2.4)sinx2.vcxproj", "{5A0BE0F2-90C7-48A5-BD22-5560B9B0ED3D}"
EndProject
Global
	GlobalSection(SolutionConfigurationPlatforms) = preSolution
		Debug|x64 = Debug|x64
		Debug|x86 = Debug|x86
		Release|x64 = Release|x64
		Release|x86 = Release|x86
	EndGlobalSection
	GlobalSection(ProjectConfigurationPlatforms) = postSolution
		{5A0BE0F2-90C7-48A5-BD22-5560B9B0ED3D}.Debug|x64.ActiveCfg = Debug|x64
		{5A0BE0F2-90C7-48A5-BD22-5560B9B0ED3D}.Debug|x64.Build.0 = Debug|x64
		{5A0BE0F2-90C7-48A5-BD22-5560B9B0ED3D}.Debug|x86.ActiveCfg = Debug|Win32
		{5A0BE0F2-90C7-48A5-BD22-5560B9B0ED3D}.Debug|x86.Build.0 = Debug|Win32
		{5A0BE0F2-90C7-48A5-BD22-5560B9B0ED3D}.Release|x64.ActiveCfg = Release|x64
		{5A0BE0F2-90C7-48A5-BD22-5560B9B0ED3D}.Release|x64.Build.0 = Release|x64
		{5A0BE0F2-90C7-48A5-BD22-5560B9B0ED3D}.Release|x86.ActiveCfg = Release|Win32
		{5A0BE0F2-90C7-48A5-BD22-5560B9B0ED3D}.Release|x86.Build.0 = Release|Win32
	EndGlobalSection
	GlobalSection(SolutionProperties) = preSolution
		HideSolutionNode = FALSE
	EndGlobalSection
	GlobalSection(ExtensibilityGlobals) = postSolution
		SolutionGuid = {09689CE8-5748-4270-AE3F-84200337C64E}
	EndGlobalSection
EndGlobal
