
Microsoft Visual Studio Solution File, Format Version 12.00
# Visual Studio Version 17
VisualStudioVersion = 17.0.32014.148
MinimumVisualStudioVersion = 10.0.40219.1
Project("{8BC9CEB8-8B4A-11D0-8D11-00A0C91BC942}") = "esercizio2", "esercizio2.vcxproj", "{D5801C24-81AB-40DB-ADA5-2EF0FFD6F481}"
EndProject
Global
	GlobalSection(SolutionConfigurationPlatforms) = preSolution
		Debug|x64 = Debug|x64
		Debug|x86 = Debug|x86
		Release|x64 = Release|x64
		Release|x86 = Release|x86
	EndGlobalSection
	GlobalSection(ProjectConfigurationPlatforms) = postSolution
		{D5801C24-81AB-40DB-ADA5-2EF0FFD6F481}.Debug|x64.ActiveCfg = Debug|x64
		{D5801C24-81AB-40DB-ADA5-2EF0FFD6F481}.Debug|x64.Build.0 = Debug|x64
		{D5801C24-81AB-40DB-ADA5-2EF0FFD6F481}.Debug|x86.ActiveCfg = Debug|Win32
		{D5801C24-81AB-40DB-ADA5-2EF0FFD6F481}.Debug|x86.Build.0 = Debug|Win32
		{D5801C24-81AB-40DB-ADA5-2EF0FFD6F481}.Release|x64.ActiveCfg = Release|x64
		{D5801C24-81AB-40DB-ADA5-2EF0FFD6F481}.Release|x64.Build.0 = Release|x64
		{D5801C24-81AB-40DB-ADA5-2EF0FFD6F481}.Release|x86.ActiveCfg = Release|Win32
		{D5801C24-81AB-40DB-ADA5-2EF0FFD6F481}.Release|x86.Build.0 = Release|Win32
	EndGlobalSection
	GlobalSection(SolutionProperties) = preSolution
		HideSolutionNode = FALSE
	EndGlobalSection
	GlobalSection(ExtensibilityGlobals) = postSolution
		SolutionGuid = {F2D4258E-86E5-4CFE-AF47-348D74DFC9AA}
	EndGlobalSection
EndGlobal
