
Microsoft Visual Studio Solution File, Format Version 12.00
# Visual Studio Version 17
VisualStudioVersion = 17.0.32014.148
MinimumVisualStudioVersion = 10.0.40219.1
Project("{8BC9CEB8-8B4A-11D0-8D11-00A0C91BC942}") = "esercizio2", "esercizio2.vcxproj", "{1856B9CC-38D9-42FC-B691-73CB6EE8D60B}"
EndProject
Global
	GlobalSection(SolutionConfigurationPlatforms) = preSolution
		Debug|x64 = Debug|x64
		Debug|x86 = Debug|x86
		Release|x64 = Release|x64
		Release|x86 = Release|x86
	EndGlobalSection
	GlobalSection(ProjectConfigurationPlatforms) = postSolution
		{1856B9CC-38D9-42FC-B691-73CB6EE8D60B}.Debug|x64.ActiveCfg = Debug|x64
		{1856B9CC-38D9-42FC-B691-73CB6EE8D60B}.Debug|x64.Build.0 = Debug|x64
		{1856B9CC-38D9-42FC-B691-73CB6EE8D60B}.Debug|x86.ActiveCfg = Debug|Win32
		{1856B9CC-38D9-42FC-B691-73CB6EE8D60B}.Debug|x86.Build.0 = Debug|Win32
		{1856B9CC-38D9-42FC-B691-73CB6EE8D60B}.Release|x64.ActiveCfg = Release|x64
		{1856B9CC-38D9-42FC-B691-73CB6EE8D60B}.Release|x64.Build.0 = Release|x64
		{1856B9CC-38D9-42FC-B691-73CB6EE8D60B}.Release|x86.ActiveCfg = Release|Win32
		{1856B9CC-38D9-42FC-B691-73CB6EE8D60B}.Release|x86.Build.0 = Release|Win32
	EndGlobalSection
	GlobalSection(SolutionProperties) = preSolution
		HideSolutionNode = FALSE
	EndGlobalSection
	GlobalSection(ExtensibilityGlobals) = postSolution
		SolutionGuid = {345CCB62-5631-4C9F-9977-F063EF7E1F8C}
	EndGlobalSection
EndGlobal
