
Microsoft Visual Studio Solution File, Format Version 12.00
# Visual Studio Version 17
VisualStudioVersion = 17.0.32014.148
MinimumVisualStudioVersion = 10.0.40219.1
Project("{8BC9CEB8-8B4A-11D0-8D11-00A0C91BC942}") = "esercizio2", "esercizio2.vcxproj", "{71FB18E4-71E2-41FC-9B22-DD9E855C71D0}"
EndProject
Global
	GlobalSection(SolutionConfigurationPlatforms) = preSolution
		Debug|x64 = Debug|x64
		Debug|x86 = Debug|x86
		Release|x64 = Release|x64
		Release|x86 = Release|x86
	EndGlobalSection
	GlobalSection(ProjectConfigurationPlatforms) = postSolution
		{71FB18E4-71E2-41FC-9B22-DD9E855C71D0}.Debug|x64.ActiveCfg = Debug|x64
		{71FB18E4-71E2-41FC-9B22-DD9E855C71D0}.Debug|x64.Build.0 = Debug|x64
		{71FB18E4-71E2-41FC-9B22-DD9E855C71D0}.Debug|x86.ActiveCfg = Debug|Win32
		{71FB18E4-71E2-41FC-9B22-DD9E855C71D0}.Debug|x86.Build.0 = Debug|Win32
		{71FB18E4-71E2-41FC-9B22-DD9E855C71D0}.Release|x64.ActiveCfg = Release|x64
		{71FB18E4-71E2-41FC-9B22-DD9E855C71D0}.Release|x64.Build.0 = Release|x64
		{71FB18E4-71E2-41FC-9B22-DD9E855C71D0}.Release|x86.ActiveCfg = Release|Win32
		{71FB18E4-71E2-41FC-9B22-DD9E855C71D0}.Release|x86.Build.0 = Release|Win32
	EndGlobalSection
	GlobalSection(SolutionProperties) = preSolution
		HideSolutionNode = FALSE
	EndGlobalSection
	GlobalSection(ExtensibilityGlobals) = postSolution
		SolutionGuid = {6C85C88C-1AF3-46DE-8C5D-5B340EEC11F3}
	EndGlobalSection
EndGlobal
