
Microsoft Visual Studio Solution File, Format Version 12.00
# Visual Studio Version 17
VisualStudioVersion = 17.0.32014.148
MinimumVisualStudioVersion = 10.0.40219.1
Project("{8BC9CEB8-8B4A-11D0-8D11-00A0C91BC942}") = "(5.2.12)prune(riprovato)", "(5.2.12)prune(riprovato).vcxproj", "{16B17D45-3A1B-4E36-890E-0E4322E8F244}"
EndProject
Global
	GlobalSection(SolutionConfigurationPlatforms) = preSolution
		Debug|x64 = Debug|x64
		Debug|x86 = Debug|x86
		Release|x64 = Release|x64
		Release|x86 = Release|x86
	EndGlobalSection
	GlobalSection(ProjectConfigurationPlatforms) = postSolution
		{16B17D45-3A1B-4E36-890E-0E4322E8F244}.Debug|x64.ActiveCfg = Debug|x64
		{16B17D45-3A1B-4E36-890E-0E4322E8F244}.Debug|x64.Build.0 = Debug|x64
		{16B17D45-3A1B-4E36-890E-0E4322E8F244}.Debug|x86.ActiveCfg = Debug|Win32
		{16B17D45-3A1B-4E36-890E-0E4322E8F244}.Debug|x86.Build.0 = Debug|Win32
		{16B17D45-3A1B-4E36-890E-0E4322E8F244}.Release|x64.ActiveCfg = Release|x64
		{16B17D45-3A1B-4E36-890E-0E4322E8F244}.Release|x64.Build.0 = Release|x64
		{16B17D45-3A1B-4E36-890E-0E4322E8F244}.Release|x86.ActiveCfg = Release|Win32
		{16B17D45-3A1B-4E36-890E-0E4322E8F244}.Release|x86.Build.0 = Release|Win32
	EndGlobalSection
	GlobalSection(SolutionProperties) = preSolution
		HideSolutionNode = FALSE
	EndGlobalSection
	GlobalSection(ExtensibilityGlobals) = postSolution
		SolutionGuid = {7301288A-A6BC-4211-819D-AC63F6E0442C}
	EndGlobalSection
EndGlobal
